// !$*UTF8*$!
{
	archiveVersion = 1;
	classes = {
	};
	objectVersion = 56;
	objects = {

/* Begin PBXBuildFile section */
		8A20A9562C4C76E200C8082C /* Assets.xcassets in Resources */ = {isa = PBXBuildFile; fileRef = 8A20A9552C4C76E200C8082C /* Assets.xcassets */; };
		8A20A95A2C4C774600C8082C /* Assets.xcassets in Resources */ = {isa = PBXBuildFile; fileRef = 8A20A9572C4C76FC00C8082C /* Assets.xcassets */; };
		8A20A95C2C4CEB6300C8082C /* AvatarModel.swift in Sources */ = {isa = PBXBuildFile; fileRef = 8AB96F202C4AB79D00693B3B /* AvatarModel.swift */; };
		8A20A95E2C4CEBBA00C8082C /* CharacterModel.swift in Sources */ = {isa = PBXBuildFile; fileRef = 8A20A95D2C4CEBBA00C8082C /* CharacterModel.swift */; };
		8A20A95F2C4CEBBA00C8082C /* CharacterModel.swift in Sources */ = {isa = PBXBuildFile; fileRef = 8A20A95D2C4CEBBA00C8082C /* CharacterModel.swift */; };
		8A53C39F2C4D51B800E65D20 /* SharedAssets.xcassets in Resources */ = {isa = PBXBuildFile; fileRef = 8A53C39E2C4D51B800E65D20 /* SharedAssets.xcassets */; };
		8A53C3A02C4D51B800E65D20 /* SharedAssets.xcassets in Resources */ = {isa = PBXBuildFile; fileRef = 8A53C39E2C4D51B800E65D20 /* SharedAssets.xcassets */; };
		8A59AB692C4962B2009E6BC6 /* AppDelegate.swift in Sources */ = {isa = PBXBuildFile; fileRef = 8A59AB682C4962B2009E6BC6 /* AppDelegate.swift */; };
		8A59AB6B2C4962B2009E6BC6 /* SceneDelegate.swift in Sources */ = {isa = PBXBuildFile; fileRef = 8A59AB6A2C4962B2009E6BC6 /* SceneDelegate.swift */; };
		8A59AB6D2C4962B2009E6BC6 /* MainViewController.swift in Sources */ = {isa = PBXBuildFile; fileRef = 8A59AB6C2C4962B2009E6BC6 /* MainViewController.swift */; };
		8A59AB752C4962B3009E6BC6 /* Base in Resources */ = {isa = PBXBuildFile; fileRef = 8A59AB742C4962B3009E6BC6 /* Base */; };
		8A59AB802C4962B3009E6BC6 /* RoohAvatarAppTests.swift in Sources */ = {isa = PBXBuildFile; fileRef = 8A59AB7F2C4962B3009E6BC6 /* RoohAvatarAppTests.swift */; };
		8A59AB8A2C4962B3009E6BC6 /* RoohAvatarAppUITests.swift in Sources */ = {isa = PBXBuildFile; fileRef = 8A59AB892C4962B3009E6BC6 /* RoohAvatarAppUITests.swift */; };
		8A59AB8C2C4962B3009E6BC6 /* RoohAvatarAppUITestsLaunchTests.swift in Sources */ = {isa = PBXBuildFile; fileRef = 8A59AB8B2C4962B3009E6BC6 /* RoohAvatarAppUITestsLaunchTests.swift */; };
		8A59AB9F2C4963A4009E6BC6 /* RoohAvatarWatchOSAppApp.swift in Sources */ = {isa = PBXBuildFile; fileRef = 8A59AB9E2C4963A4009E6BC6 /* RoohAvatarWatchOSAppApp.swift */; };
		8A59ABA12C4963A4009E6BC6 /* ContentView.swift in Sources */ = {isa = PBXBuildFile; fileRef = 8A59ABA02C4963A4009E6BC6 /* ContentView.swift */; };
		8A59ABA62C4963A6009E6BC6 /* Preview Assets.xcassets in Resources */ = {isa = PBXBuildFile; fileRef = 8A59ABA52C4963A6009E6BC6 /* Preview Assets.xcassets */; };
		8A59ABB02C4963A6009E6BC6 /* RoohAvatarWatchOSApp_Watch_AppTests.swift in Sources */ = {isa = PBXBuildFile; fileRef = 8A59ABAF2C4963A6009E6BC6 /* RoohAvatarWatchOSApp_Watch_AppTests.swift */; };
		8A59ABBA2C4963A6009E6BC6 /* RoohAvatarWatchOSApp_Watch_AppUITests.swift in Sources */ = {isa = PBXBuildFile; fileRef = 8A59ABB92C4963A6009E6BC6 /* RoohAvatarWatchOSApp_Watch_AppUITests.swift */; };
		8A59ABBC2C4963A6009E6BC6 /* RoohAvatarWatchOSApp_Watch_AppUITestsLaunchTests.swift in Sources */ = {isa = PBXBuildFile; fileRef = 8A59ABBB2C4963A6009E6BC6 /* RoohAvatarWatchOSApp_Watch_AppUITestsLaunchTests.swift */; };
		8A59ABBF2C4963A6009E6BC6 /* RoohAvatarWatchOSApp Watch App.app in Embed Watch Content */ = {isa = PBXBuildFile; fileRef = 8A59AB9C2C4963A4009E6BC6 /* RoohAvatarWatchOSApp Watch App.app */; settings = {ATTRIBUTES = (RemoveHeadersOnCopy, ); }; };
		8A59ABD52C4995C2009E6BC6 /* Coordinator.swift in Sources */ = {isa = PBXBuildFile; fileRef = 8A59ABD22C4995C2009E6BC6 /* Coordinator.swift */; };
		8A59ABD62C4995C2009E6BC6 /* MainCoordinator.swift in Sources */ = {isa = PBXBuildFile; fileRef = 8A59ABD32C4995C2009E6BC6 /* MainCoordinator.swift */; };
		8A59ABD92C4995D7009E6BC6 /* UIViewControllerPreview.swift in Sources */ = {isa = PBXBuildFile; fileRef = 8A59ABD72C4995D7009E6BC6 /* UIViewControllerPreview.swift */; };
		8A59ABDC2C4A3A7F009E6BC6 /* AvatarUICollectionView.swift in Sources */ = {isa = PBXBuildFile; fileRef = 8A59ABDB2C4A3A7F009E6BC6 /* AvatarUICollectionView.swift */; };
		8A59ABDE2C4A3AE8009E6BC6 /* UIViewPreview.swift in Sources */ = {isa = PBXBuildFile; fileRef = 8A59ABDD2C4A3AE8009E6BC6 /* UIViewPreview.swift */; };
		8A59ABE02C4A3BF4009E6BC6 /* AvatarUICollectionViewCell.swift in Sources */ = {isa = PBXBuildFile; fileRef = 8A59ABDF2C4A3BF4009E6BC6 /* AvatarUICollectionViewCell.swift */; };
		8A6A7E632C4C6B8600A087E2 /* WatchConnectivityService.swift in Sources */ = {isa = PBXBuildFile; fileRef = 8AB96F272C4BB61400693B3B /* WatchConnectivityService.swift */; };
		8AAEE7582C4CF34800A1D2D1 /* MessageCoder.swift in Sources */ = {isa = PBXBuildFile; fileRef = 8AAEE7572C4CF34800A1D2D1 /* MessageCoder.swift */; };
		8AAEE7592C4CFFC000A1D2D1 /* MessageCoder.swift in Sources */ = {isa = PBXBuildFile; fileRef = 8AAEE7572C4CF34800A1D2D1 /* MessageCoder.swift */; };
		8AAEE75B2C4D055700A1D2D1 /* MainViewModel.swift in Sources */ = {isa = PBXBuildFile; fileRef = 8AAEE75A2C4D055700A1D2D1 /* MainViewModel.swift */; };
		8AB96F142C4A4DEE00693B3B /* SnappingCollectionViewLayout.swift in Sources */ = {isa = PBXBuildFile; fileRef = 8AB96F132C4A4DEE00693B3B /* SnappingCollectionViewLayout.swift */; };
		8AB96F192C4AB71400693B3B /* HorizontalPickerView.swift in Sources */ = {isa = PBXBuildFile; fileRef = 8AB96F182C4AB71400693B3B /* HorizontalPickerView.swift */; };
		8AB96F1B2C4AB72E00693B3B /* MainView.swift in Sources */ = {isa = PBXBuildFile; fileRef = 8AB96F1A2C4AB72E00693B3B /* MainView.swift */; };
		8AB96F1E2C4AB75200693B3B /* MainViewModel.swift in Sources */ = {isa = PBXBuildFile; fileRef = 8AB96F1D2C4AB75200693B3B /* MainViewModel.swift */; };
		8AB96F212C4AB79D00693B3B /* AvatarModel.swift in Sources */ = {isa = PBXBuildFile; fileRef = 8AB96F202C4AB79D00693B3B /* AvatarModel.swift */; };
		8AB96F252C4ABD3300693B3B /* AvatarCollectionViewModel.swift in Sources */ = {isa = PBXBuildFile; fileRef = 8AB96F242C4ABD3300693B3B /* AvatarCollectionViewModel.swift */; };
		8AB96F282C4BB61400693B3B /* WatchConnectivityService.swift in Sources */ = {isa = PBXBuildFile; fileRef = 8AB96F272C4BB61400693B3B /* WatchConnectivityService.swift */; };
/* End PBXBuildFile section */

/* Begin PBXContainerItemProxy section */
		8A59AB7C2C4962B3009E6BC6 /* PBXContainerItemProxy */ = {
			isa = PBXContainerItemProxy;
			containerPortal = 8A59AB5D2C4962B2009E6BC6 /* Project object */;
			proxyType = 1;
			remoteGlobalIDString = 8A59AB642C4962B2009E6BC6;
			remoteInfo = RoohAvatarApp;
		};
		8A59AB862C4962B3009E6BC6 /* PBXContainerItemProxy */ = {
			isa = PBXContainerItemProxy;
			containerPortal = 8A59AB5D2C4962B2009E6BC6 /* Project object */;
			proxyType = 1;
			remoteGlobalIDString = 8A59AB642C4962B2009E6BC6;
			remoteInfo = RoohAvatarApp;
		};
		8A59ABAC2C4963A6009E6BC6 /* PBXContainerItemProxy */ = {
			isa = PBXContainerItemProxy;
			containerPortal = 8A59AB5D2C4962B2009E6BC6 /* Project object */;
			proxyType = 1;
			remoteGlobalIDString = 8A59AB9B2C4963A4009E6BC6;
			remoteInfo = "RoohAvatarWatchOSApp Watch App";
		};
		8A59ABB62C4963A6009E6BC6 /* PBXContainerItemProxy */ = {
			isa = PBXContainerItemProxy;
			containerPortal = 8A59AB5D2C4962B2009E6BC6 /* Project object */;
			proxyType = 1;
			remoteGlobalIDString = 8A59AB9B2C4963A4009E6BC6;
			remoteInfo = "RoohAvatarWatchOSApp Watch App";
		};
		8A59ABBD2C4963A6009E6BC6 /* PBXContainerItemProxy */ = {
			isa = PBXContainerItemProxy;
			containerPortal = 8A59AB5D2C4962B2009E6BC6 /* Project object */;
			proxyType = 1;
			remoteGlobalIDString = 8A59AB9B2C4963A4009E6BC6;
			remoteInfo = "RoohAvatarWatchOSApp Watch App";
		};
/* End PBXContainerItemProxy section */

/* Begin PBXCopyFilesBuildPhase section */
		8A59ABC32C4963A6009E6BC6 /* Embed Watch Content */ = {
			isa = PBXCopyFilesBuildPhase;
			buildActionMask = 2147483647;
			dstPath = "$(CONTENTS_FOLDER_PATH)/Watch";
			dstSubfolderSpec = 16;
			files = (
				8A59ABBF2C4963A6009E6BC6 /* RoohAvatarWatchOSApp Watch App.app in Embed Watch Content */,
			);
			name = "Embed Watch Content";
			runOnlyForDeploymentPostprocessing = 0;
		};
/* End PBXCopyFilesBuildPhase section */

/* Begin PBXFileReference section */
		8A20A9552C4C76E200C8082C /* Assets.xcassets */ = {isa = PBXFileReference; lastKnownFileType = folder.assetcatalog; path = Assets.xcassets; sourceTree = "<group>"; };
		8A20A9572C4C76FC00C8082C /* Assets.xcassets */ = {isa = PBXFileReference; lastKnownFileType = folder.assetcatalog; name = Assets.xcassets; path = RoohAvatarApp/Assets.xcassets; sourceTree = SOURCE_ROOT; };
		8A20A95D2C4CEBBA00C8082C /* CharacterModel.swift */ = {isa = PBXFileReference; lastKnownFileType = sourcecode.swift; path = CharacterModel.swift; sourceTree = "<group>"; };
		8A53C39E2C4D51B800E65D20 /* SharedAssets.xcassets */ = {isa = PBXFileReference; lastKnownFileType = folder.assetcatalog; path = SharedAssets.xcassets; sourceTree = "<group>"; };
		8A59AB652C4962B2009E6BC6 /* RoohAvatarApp.app */ = {isa = PBXFileReference; explicitFileType = wrapper.application; includeInIndex = 0; path = RoohAvatarApp.app; sourceTree = BUILT_PRODUCTS_DIR; };
		8A59AB682C4962B2009E6BC6 /* AppDelegate.swift */ = {isa = PBXFileReference; lastKnownFileType = sourcecode.swift; path = AppDelegate.swift; sourceTree = "<group>"; };
		8A59AB6A2C4962B2009E6BC6 /* SceneDelegate.swift */ = {isa = PBXFileReference; lastKnownFileType = sourcecode.swift; path = SceneDelegate.swift; sourceTree = "<group>"; };
		8A59AB6C2C4962B2009E6BC6 /* MainViewController.swift */ = {isa = PBXFileReference; lastKnownFileType = sourcecode.swift; path = MainViewController.swift; sourceTree = "<group>"; };
		8A59AB742C4962B3009E6BC6 /* Base */ = {isa = PBXFileReference; lastKnownFileType = file.storyboard; name = Base; path = Base.lproj/LaunchScreen.storyboard; sourceTree = "<group>"; };
		8A59AB762C4962B3009E6BC6 /* Info.plist */ = {isa = PBXFileReference; lastKnownFileType = text.plist.xml; path = Info.plist; sourceTree = "<group>"; };
		8A59AB7B2C4962B3009E6BC6 /* RoohAvatarAppTests.xctest */ = {isa = PBXFileReference; explicitFileType = wrapper.cfbundle; includeInIndex = 0; path = RoohAvatarAppTests.xctest; sourceTree = BUILT_PRODUCTS_DIR; };
		8A59AB7F2C4962B3009E6BC6 /* RoohAvatarAppTests.swift */ = {isa = PBXFileReference; lastKnownFileType = sourcecode.swift; path = RoohAvatarAppTests.swift; sourceTree = "<group>"; };
		8A59AB852C4962B3009E6BC6 /* RoohAvatarAppUITests.xctest */ = {isa = PBXFileReference; explicitFileType = wrapper.cfbundle; includeInIndex = 0; path = RoohAvatarAppUITests.xctest; sourceTree = BUILT_PRODUCTS_DIR; };
		8A59AB892C4962B3009E6BC6 /* RoohAvatarAppUITests.swift */ = {isa = PBXFileReference; lastKnownFileType = sourcecode.swift; path = RoohAvatarAppUITests.swift; sourceTree = "<group>"; };
		8A59AB8B2C4962B3009E6BC6 /* RoohAvatarAppUITestsLaunchTests.swift */ = {isa = PBXFileReference; lastKnownFileType = sourcecode.swift; path = RoohAvatarAppUITestsLaunchTests.swift; sourceTree = "<group>"; };
		8A59AB9C2C4963A4009E6BC6 /* RoohAvatarWatchOSApp Watch App.app */ = {isa = PBXFileReference; explicitFileType = wrapper.application; includeInIndex = 0; path = "RoohAvatarWatchOSApp Watch App.app"; sourceTree = BUILT_PRODUCTS_DIR; };
		8A59AB9E2C4963A4009E6BC6 /* RoohAvatarWatchOSAppApp.swift */ = {isa = PBXFileReference; lastKnownFileType = sourcecode.swift; path = RoohAvatarWatchOSAppApp.swift; sourceTree = "<group>"; };
		8A59ABA02C4963A4009E6BC6 /* ContentView.swift */ = {isa = PBXFileReference; lastKnownFileType = sourcecode.swift; path = ContentView.swift; sourceTree = "<group>"; };
		8A59ABA52C4963A6009E6BC6 /* Preview Assets.xcassets */ = {isa = PBXFileReference; lastKnownFileType = folder.assetcatalog; path = "Preview Assets.xcassets"; sourceTree = "<group>"; };
		8A59ABAB2C4963A6009E6BC6 /* RoohAvatarWatchOSApp Watch AppTests.xctest */ = {isa = PBXFileReference; explicitFileType = wrapper.cfbundle; includeInIndex = 0; path = "RoohAvatarWatchOSApp Watch AppTests.xctest"; sourceTree = BUILT_PRODUCTS_DIR; };
		8A59ABAF2C4963A6009E6BC6 /* RoohAvatarWatchOSApp_Watch_AppTests.swift */ = {isa = PBXFileReference; lastKnownFileType = sourcecode.swift; path = RoohAvatarWatchOSApp_Watch_AppTests.swift; sourceTree = "<group>"; };
		8A59ABB52C4963A6009E6BC6 /* RoohAvatarWatchOSApp Watch AppUITests.xctest */ = {isa = PBXFileReference; explicitFileType = wrapper.cfbundle; includeInIndex = 0; path = "RoohAvatarWatchOSApp Watch AppUITests.xctest"; sourceTree = BUILT_PRODUCTS_DIR; };
		8A59ABB92C4963A6009E6BC6 /* RoohAvatarWatchOSApp_Watch_AppUITests.swift */ = {isa = PBXFileReference; lastKnownFileType = sourcecode.swift; path = RoohAvatarWatchOSApp_Watch_AppUITests.swift; sourceTree = "<group>"; };
		8A59ABBB2C4963A6009E6BC6 /* RoohAvatarWatchOSApp_Watch_AppUITestsLaunchTests.swift */ = {isa = PBXFileReference; lastKnownFileType = sourcecode.swift; path = RoohAvatarWatchOSApp_Watch_AppUITestsLaunchTests.swift; sourceTree = "<group>"; };
		8A59ABD22C4995C2009E6BC6 /* Coordinator.swift */ = {isa = PBXFileReference; fileEncoding = 4; lastKnownFileType = sourcecode.swift; path = Coordinator.swift; sourceTree = "<group>"; };
		8A59ABD32C4995C2009E6BC6 /* MainCoordinator.swift */ = {isa = PBXFileReference; fileEncoding = 4; lastKnownFileType = sourcecode.swift; path = MainCoordinator.swift; sourceTree = "<group>"; };
		8A59ABD72C4995D7009E6BC6 /* UIViewControllerPreview.swift */ = {isa = PBXFileReference; fileEncoding = 4; lastKnownFileType = sourcecode.swift; path = UIViewControllerPreview.swift; sourceTree = "<group>"; };
		8A59ABDB2C4A3A7F009E6BC6 /* AvatarUICollectionView.swift */ = {isa = PBXFileReference; lastKnownFileType = sourcecode.swift; path = AvatarUICollectionView.swift; sourceTree = "<group>"; };
		8A59ABDD2C4A3AE8009E6BC6 /* UIViewPreview.swift */ = {isa = PBXFileReference; lastKnownFileType = sourcecode.swift; path = UIViewPreview.swift; sourceTree = "<group>"; };
		8A59ABDF2C4A3BF4009E6BC6 /* AvatarUICollectionViewCell.swift */ = {isa = PBXFileReference; lastKnownFileType = sourcecode.swift; path = AvatarUICollectionViewCell.swift; sourceTree = "<group>"; };
		8AAEE7572C4CF34800A1D2D1 /* MessageCoder.swift */ = {isa = PBXFileReference; lastKnownFileType = sourcecode.swift; path = MessageCoder.swift; sourceTree = "<group>"; };
		8AAEE75A2C4D055700A1D2D1 /* MainViewModel.swift */ = {isa = PBXFileReference; lastKnownFileType = sourcecode.swift; path = MainViewModel.swift; sourceTree = "<group>"; };
		8AB96F132C4A4DEE00693B3B /* SnappingCollectionViewLayout.swift */ = {isa = PBXFileReference; lastKnownFileType = sourcecode.swift; path = SnappingCollectionViewLayout.swift; sourceTree = "<group>"; };
		8AB96F182C4AB71400693B3B /* HorizontalPickerView.swift */ = {isa = PBXFileReference; lastKnownFileType = sourcecode.swift; path = HorizontalPickerView.swift; sourceTree = "<group>"; };
		8AB96F1A2C4AB72E00693B3B /* MainView.swift */ = {isa = PBXFileReference; lastKnownFileType = sourcecode.swift; path = MainView.swift; sourceTree = "<group>"; };
		8AB96F1D2C4AB75200693B3B /* MainViewModel.swift */ = {isa = PBXFileReference; lastKnownFileType = sourcecode.swift; path = MainViewModel.swift; sourceTree = "<group>"; };
		8AB96F202C4AB79D00693B3B /* AvatarModel.swift */ = {isa = PBXFileReference; lastKnownFileType = sourcecode.swift; path = AvatarModel.swift; sourceTree = "<group>"; };
		8AB96F242C4ABD3300693B3B /* AvatarCollectionViewModel.swift */ = {isa = PBXFileReference; lastKnownFileType = sourcecode.swift; path = AvatarCollectionViewModel.swift; sourceTree = "<group>"; };
		8AB96F272C4BB61400693B3B /* WatchConnectivityService.swift */ = {isa = PBXFileReference; lastKnownFileType = sourcecode.swift; path = WatchConnectivityService.swift; sourceTree = "<group>"; };
/* End PBXFileReference section */

/* Begin PBXFrameworksBuildPhase section */
		8A59AB622C4962B2009E6BC6 /* Frameworks */ = {
			isa = PBXFrameworksBuildPhase;
			buildActionMask = 2147483647;
			files = (
			);
			runOnlyForDeploymentPostprocessing = 0;
		};
		8A59AB782C4962B3009E6BC6 /* Frameworks */ = {
			isa = PBXFrameworksBuildPhase;
			buildActionMask = 2147483647;
			files = (
			);
			runOnlyForDeploymentPostprocessing = 0;
		};
		8A59AB822C4962B3009E6BC6 /* Frameworks */ = {
			isa = PBXFrameworksBuildPhase;
			buildActionMask = 2147483647;
			files = (
			);
			runOnlyForDeploymentPostprocessing = 0;
		};
		8A59AB992C4963A4009E6BC6 /* Frameworks */ = {
			isa = PBXFrameworksBuildPhase;
			buildActionMask = 2147483647;
			files = (
			);
			runOnlyForDeploymentPostprocessing = 0;
		};
		8A59ABA82C4963A6009E6BC6 /* Frameworks */ = {
			isa = PBXFrameworksBuildPhase;
			buildActionMask = 2147483647;
			files = (
			);
			runOnlyForDeploymentPostprocessing = 0;
		};
		8A59ABB22C4963A6009E6BC6 /* Frameworks */ = {
			isa = PBXFrameworksBuildPhase;
			buildActionMask = 2147483647;
			files = (
			);
			runOnlyForDeploymentPostprocessing = 0;
		};
/* End PBXFrameworksBuildPhase section */

/* Begin PBXGroup section */
		8A59AB5C2C4962B2009E6BC6 = {
			isa = PBXGroup;
			children = (
				8A6A7E612C4C6AAF00A087E2 /* Shared */,
				8A59ABD82C4995D7009E6BC6 /* Helpers */,
				8A59AB672C4962B2009E6BC6 /* RoohAvatarApp */,
				8A59AB7E2C4962B3009E6BC6 /* RoohAvatarAppTests */,
				8A59AB882C4962B3009E6BC6 /* RoohAvatarAppUITests */,
				8A59AB9D2C4963A4009E6BC6 /* RoohAvatarWatchOSApp Watch App */,
				8A59ABAE2C4963A6009E6BC6 /* RoohAvatarWatchOSApp Watch AppTests */,
				8A59ABB82C4963A6009E6BC6 /* RoohAvatarWatchOSApp Watch AppUITests */,
				8A59AB662C4962B2009E6BC6 /* Products */,
				8AB96F2C2C4C3B4600693B3B /* Frameworks */,
			);
			sourceTree = "<group>";
		};
		8A59AB662C4962B2009E6BC6 /* Products */ = {
			isa = PBXGroup;
			children = (
				8A59AB652C4962B2009E6BC6 /* RoohAvatarApp.app */,
				8A59AB7B2C4962B3009E6BC6 /* RoohAvatarAppTests.xctest */,
				8A59AB852C4962B3009E6BC6 /* RoohAvatarAppUITests.xctest */,
				8A59AB9C2C4963A4009E6BC6 /* RoohAvatarWatchOSApp Watch App.app */,
				8A59ABAB2C4963A6009E6BC6 /* RoohAvatarWatchOSApp Watch AppTests.xctest */,
				8A59ABB52C4963A6009E6BC6 /* RoohAvatarWatchOSApp Watch AppUITests.xctest */,
			);
			name = Products;
			sourceTree = "<group>";
		};
		8A59AB672C4962B2009E6BC6 /* RoohAvatarApp */ = {
			isa = PBXGroup;
			children = (
				8A20A9572C4C76FC00C8082C /* Assets.xcassets */,
				8AB96F222C4ABD1E00693B3B /* ViewModels */,
				8A59ABDA2C4A3A63009E6BC6 /* AvatarUICollectionView */,
				8A59ABD42C4995C2009E6BC6 /* Navigation */,
				8A59AB682C4962B2009E6BC6 /* AppDelegate.swift */,
				8A59AB6A2C4962B2009E6BC6 /* SceneDelegate.swift */,
				8A59AB6C2C4962B2009E6BC6 /* MainViewController.swift */,
				8A59AB732C4962B3009E6BC6 /* LaunchScreen.storyboard */,
				8A59AB762C4962B3009E6BC6 /* Info.plist */,
			);
			path = RoohAvatarApp;
			sourceTree = "<group>";
		};
		8A59AB7E2C4962B3009E6BC6 /* RoohAvatarAppTests */ = {
			isa = PBXGroup;
			children = (
				8A59AB7F2C4962B3009E6BC6 /* RoohAvatarAppTests.swift */,
			);
			path = RoohAvatarAppTests;
			sourceTree = "<group>";
		};
		8A59AB882C4962B3009E6BC6 /* RoohAvatarAppUITests */ = {
			isa = PBXGroup;
			children = (
				8A59AB892C4962B3009E6BC6 /* RoohAvatarAppUITests.swift */,
				8A59AB8B2C4962B3009E6BC6 /* RoohAvatarAppUITestsLaunchTests.swift */,
			);
			path = RoohAvatarAppUITests;
			sourceTree = "<group>";
		};
		8A59AB9D2C4963A4009E6BC6 /* RoohAvatarWatchOSApp Watch App */ = {
			isa = PBXGroup;
			children = (
				8A20A9552C4C76E200C8082C /* Assets.xcassets */,
				8AB96F1C2C4AB74300693B3B /* ViewModels */,
				8AB96F172C4AB70400693B3B /* Views */,
				8A59AB9E2C4963A4009E6BC6 /* RoohAvatarWatchOSAppApp.swift */,
				8A59ABA02C4963A4009E6BC6 /* ContentView.swift */,
				8A59ABA42C4963A6009E6BC6 /* Preview Content */,
			);
			path = "RoohAvatarWatchOSApp Watch App";
			sourceTree = "<group>";
		};
		8A59ABA42C4963A6009E6BC6 /* Preview Content */ = {
			isa = PBXGroup;
			children = (
				8A59ABA52C4963A6009E6BC6 /* Preview Assets.xcassets */,
			);
			path = "Preview Content";
			sourceTree = "<group>";
		};
		8A59ABAE2C4963A6009E6BC6 /* RoohAvatarWatchOSApp Watch AppTests */ = {
			isa = PBXGroup;
			children = (
				8A59ABAF2C4963A6009E6BC6 /* RoohAvatarWatchOSApp_Watch_AppTests.swift */,
			);
			path = "RoohAvatarWatchOSApp Watch AppTests";
			sourceTree = "<group>";
		};
		8A59ABB82C4963A6009E6BC6 /* RoohAvatarWatchOSApp Watch AppUITests */ = {
			isa = PBXGroup;
			children = (
				8A59ABB92C4963A6009E6BC6 /* RoohAvatarWatchOSApp_Watch_AppUITests.swift */,
				8A59ABBB2C4963A6009E6BC6 /* RoohAvatarWatchOSApp_Watch_AppUITestsLaunchTests.swift */,
			);
			path = "RoohAvatarWatchOSApp Watch AppUITests";
			sourceTree = "<group>";
		};
		8A59ABD42C4995C2009E6BC6 /* Navigation */ = {
			isa = PBXGroup;
			children = (
				8A59ABD22C4995C2009E6BC6 /* Coordinator.swift */,
				8A59ABD32C4995C2009E6BC6 /* MainCoordinator.swift */,
			);
			path = Navigation;
			sourceTree = "<group>";
		};
		8A59ABD82C4995D7009E6BC6 /* Helpers */ = {
			isa = PBXGroup;
			children = (
				8A59ABD72C4995D7009E6BC6 /* UIViewControllerPreview.swift */,
				8A59ABDD2C4A3AE8009E6BC6 /* UIViewPreview.swift */,
			);
			name = Helpers;
			path = RoohAvatarApp/Helpers;
			sourceTree = "<group>";
		};
		8A59ABDA2C4A3A63009E6BC6 /* AvatarUICollectionView */ = {
			isa = PBXGroup;
			children = (
				8A59ABDB2C4A3A7F009E6BC6 /* AvatarUICollectionView.swift */,
				8A59ABDF2C4A3BF4009E6BC6 /* AvatarUICollectionViewCell.swift */,
				8AB96F132C4A4DEE00693B3B /* SnappingCollectionViewLayout.swift */,
			);
			path = AvatarUICollectionView;
			sourceTree = "<group>";
		};
		8A6A7E612C4C6AAF00A087E2 /* Shared */ = {
			isa = PBXGroup;
			children = (
				8AB96F1F2C4AB78B00693B3B /* Models */,
				8A6A7E622C4C6B5500A087E2 /* WatchConnectivityService */,
				8AAEE7572C4CF34800A1D2D1 /* MessageCoder.swift */,
				8A53C39E2C4D51B800E65D20 /* SharedAssets.xcassets */,
			);
			path = Shared;
			sourceTree = "<group>";
		};
		8A6A7E622C4C6B5500A087E2 /* WatchConnectivityService */ = {
			isa = PBXGroup;
			children = (
				8AB96F272C4BB61400693B3B /* WatchConnectivityService.swift */,
			);
			path = WatchConnectivityService;
			sourceTree = "<group>";
		};
		8AB96F172C4AB70400693B3B /* Views */ = {
			isa = PBXGroup;
			children = (
				8AB96F182C4AB71400693B3B /* HorizontalPickerView.swift */,
				8AB96F1A2C4AB72E00693B3B /* MainView.swift */,
			);
			path = Views;
			sourceTree = "<group>";
		};
		8AB96F1C2C4AB74300693B3B /* ViewModels */ = {
			isa = PBXGroup;
			children = (
				8AB96F1D2C4AB75200693B3B /* MainViewModel.swift */,
			);
			path = ViewModels;
			sourceTree = "<group>";
		};
		8AB96F1F2C4AB78B00693B3B /* Models */ = {
			isa = PBXGroup;
			children = (
				8AB96F202C4AB79D00693B3B /* AvatarModel.swift */,
				8A20A95D2C4CEBBA00C8082C /* CharacterModel.swift */,
			);
			path = Models;
			sourceTree = "<group>";
		};
		8AB96F222C4ABD1E00693B3B /* ViewModels */ = {
			isa = PBXGroup;
			children = (
				8AB96F242C4ABD3300693B3B /* AvatarCollectionViewModel.swift */,
				8AAEE75A2C4D055700A1D2D1 /* MainViewModel.swift */,
			);
			path = ViewModels;
			sourceTree = "<group>";
		};
		8AB96F2C2C4C3B4600693B3B /* Frameworks */ = {
			isa = PBXGroup;
			children = (
			);
			name = Frameworks;
			sourceTree = "<group>";
		};
/* End PBXGroup section */

/* Begin PBXNativeTarget section */
		8A59AB642C4962B2009E6BC6 /* RoohAvatarApp */ = {
			isa = PBXNativeTarget;
			buildConfigurationList = 8A59AB8F2C4962B3009E6BC6 /* Build configuration list for PBXNativeTarget "RoohAvatarApp" */;
			buildPhases = (
				8A59AB612C4962B2009E6BC6 /* Sources */,
				8A59AB622C4962B2009E6BC6 /* Frameworks */,
				8A59AB632C4962B2009E6BC6 /* Resources */,
				8A59ABC32C4963A6009E6BC6 /* Embed Watch Content */,
			);
			buildRules = (
			);
			dependencies = (
				8A59ABBE2C4963A6009E6BC6 /* PBXTargetDependency */,
			);
			name = RoohAvatarApp;
			productName = RoohAvatarApp;
			productReference = 8A59AB652C4962B2009E6BC6 /* RoohAvatarApp.app */;
			productType = "com.apple.product-type.application";
		};
		8A59AB7A2C4962B3009E6BC6 /* RoohAvatarAppTests */ = {
			isa = PBXNativeTarget;
			buildConfigurationList = 8A59AB922C4962B3009E6BC6 /* Build configuration list for PBXNativeTarget "RoohAvatarAppTests" */;
			buildPhases = (
				8A59AB772C4962B3009E6BC6 /* Sources */,
				8A59AB782C4962B3009E6BC6 /* Frameworks */,
				8A59AB792C4962B3009E6BC6 /* Resources */,
			);
			buildRules = (
			);
			dependencies = (
				8A59AB7D2C4962B3009E6BC6 /* PBXTargetDependency */,
			);
			name = RoohAvatarAppTests;
			productName = RoohAvatarAppTests;
			productReference = 8A59AB7B2C4962B3009E6BC6 /* RoohAvatarAppTests.xctest */;
			productType = "com.apple.product-type.bundle.unit-test";
		};
		8A59AB842C4962B3009E6BC6 /* RoohAvatarAppUITests */ = {
			isa = PBXNativeTarget;
			buildConfigurationList = 8A59AB952C4962B3009E6BC6 /* Build configuration list for PBXNativeTarget "RoohAvatarAppUITests" */;
			buildPhases = (
				8A59AB812C4962B3009E6BC6 /* Sources */,
				8A59AB822C4962B3009E6BC6 /* Frameworks */,
				8A59AB832C4962B3009E6BC6 /* Resources */,
			);
			buildRules = (
			);
			dependencies = (
				8A59AB872C4962B3009E6BC6 /* PBXTargetDependency */,
			);
			name = RoohAvatarAppUITests;
			productName = RoohAvatarAppUITests;
			productReference = 8A59AB852C4962B3009E6BC6 /* RoohAvatarAppUITests.xctest */;
			productType = "com.apple.product-type.bundle.ui-testing";
		};
		8A59AB9B2C4963A4009E6BC6 /* RoohAvatarWatchOSApp Watch App */ = {
			isa = PBXNativeTarget;
			buildConfigurationList = 8A59ABC02C4963A6009E6BC6 /* Build configuration list for PBXNativeTarget "RoohAvatarWatchOSApp Watch App" */;
			buildPhases = (
				8A59AB982C4963A4009E6BC6 /* Sources */,
				8A59AB992C4963A4009E6BC6 /* Frameworks */,
				8A59AB9A2C4963A4009E6BC6 /* Resources */,
			);
			buildRules = (
			);
			dependencies = (
			);
			name = "RoohAvatarWatchOSApp Watch App";
			productName = "RoohAvatarWatchOSApp Watch App";
			productReference = 8A59AB9C2C4963A4009E6BC6 /* RoohAvatarWatchOSApp Watch App.app */;
			productType = "com.apple.product-type.application";
		};
		8A59ABAA2C4963A6009E6BC6 /* RoohAvatarWatchOSApp Watch AppTests */ = {
			isa = PBXNativeTarget;
			buildConfigurationList = 8A59ABC42C4963A6009E6BC6 /* Build configuration list for PBXNativeTarget "RoohAvatarWatchOSApp Watch AppTests" */;
			buildPhases = (
				8A59ABA72C4963A6009E6BC6 /* Sources */,
				8A59ABA82C4963A6009E6BC6 /* Frameworks */,
				8A59ABA92C4963A6009E6BC6 /* Resources */,
			);
			buildRules = (
			);
			dependencies = (
				8A59ABAD2C4963A6009E6BC6 /* PBXTargetDependency */,
			);
			name = "RoohAvatarWatchOSApp Watch AppTests";
			productName = "RoohAvatarWatchOSApp Watch AppTests";
			productReference = 8A59ABAB2C4963A6009E6BC6 /* RoohAvatarWatchOSApp Watch AppTests.xctest */;
			productType = "com.apple.product-type.bundle.unit-test";
		};
		8A59ABB42C4963A6009E6BC6 /* RoohAvatarWatchOSApp Watch AppUITests */ = {
			isa = PBXNativeTarget;
			buildConfigurationList = 8A59ABC72C4963A6009E6BC6 /* Build configuration list for PBXNativeTarget "RoohAvatarWatchOSApp Watch AppUITests" */;
			buildPhases = (
				8A59ABB12C4963A6009E6BC6 /* Sources */,
				8A59ABB22C4963A6009E6BC6 /* Frameworks */,
				8A59ABB32C4963A6009E6BC6 /* Resources */,
			);
			buildRules = (
			);
			dependencies = (
				8A59ABB72C4963A6009E6BC6 /* PBXTargetDependency */,
			);
			name = "RoohAvatarWatchOSApp Watch AppUITests";
			productName = "RoohAvatarWatchOSApp Watch AppUITests";
			productReference = 8A59ABB52C4963A6009E6BC6 /* RoohAvatarWatchOSApp Watch AppUITests.xctest */;
			productType = "com.apple.product-type.bundle.ui-testing";
		};
/* End PBXNativeTarget section */

/* Begin PBXProject section */
		8A59AB5D2C4962B2009E6BC6 /* Project object */ = {
			isa = PBXProject;
			attributes = {
				BuildIndependentTargetsInParallel = 1;
				LastSwiftUpdateCheck = 1530;
				LastUpgradeCheck = 1530;
				TargetAttributes = {
					8A59AB642C4962B2009E6BC6 = {
						CreatedOnToolsVersion = 15.3;
					};
					8A59AB7A2C4962B3009E6BC6 = {
						CreatedOnToolsVersion = 15.3;
						TestTargetID = 8A59AB642C4962B2009E6BC6;
					};
					8A59AB842C4962B3009E6BC6 = {
						CreatedOnToolsVersion = 15.3;
						TestTargetID = 8A59AB642C4962B2009E6BC6;
					};
					8A59AB9B2C4963A4009E6BC6 = {
						CreatedOnToolsVersion = 15.3;
					};
					8A59ABAA2C4963A6009E6BC6 = {
						CreatedOnToolsVersion = 15.3;
						TestTargetID = 8A59AB9B2C4963A4009E6BC6;
					};
					8A59ABB42C4963A6009E6BC6 = {
						CreatedOnToolsVersion = 15.3;
						TestTargetID = 8A59AB9B2C4963A4009E6BC6;
					};
				};
			};
			buildConfigurationList = 8A59AB602C4962B2009E6BC6 /* Build configuration list for PBXProject "RoohAvatarApp" */;
			compatibilityVersion = "Xcode 14.0";
			developmentRegion = en;
			hasScannedForEncodings = 0;
			knownRegions = (
				en,
				Base,
			);
			mainGroup = 8A59AB5C2C4962B2009E6BC6;
			productRefGroup = 8A59AB662C4962B2009E6BC6 /* Products */;
			projectDirPath = "";
			projectRoot = "";
			targets = (
				8A59AB642C4962B2009E6BC6 /* RoohAvatarApp */,
				8A59AB7A2C4962B3009E6BC6 /* RoohAvatarAppTests */,
				8A59AB842C4962B3009E6BC6 /* RoohAvatarAppUITests */,
				8A59AB9B2C4963A4009E6BC6 /* RoohAvatarWatchOSApp Watch App */,
				8A59ABAA2C4963A6009E6BC6 /* RoohAvatarWatchOSApp Watch AppTests */,
				8A59ABB42C4963A6009E6BC6 /* RoohAvatarWatchOSApp Watch AppUITests */,
			);
		};
/* End PBXProject section */

/* Begin PBXResourcesBuildPhase section */
		8A59AB632C4962B2009E6BC6 /* Resources */ = {
			isa = PBXResourcesBuildPhase;
			buildActionMask = 2147483647;
			files = (
				8A53C39F2C4D51B800E65D20 /* SharedAssets.xcassets in Resources */,
				8A20A95A2C4C774600C8082C /* Assets.xcassets in Resources */,
				8A59AB752C4962B3009E6BC6 /* Base in Resources */,
			);
			runOnlyForDeploymentPostprocessing = 0;
		};
		8A59AB792C4962B3009E6BC6 /* Resources */ = {
			isa = PBXResourcesBuildPhase;
			buildActionMask = 2147483647;
			files = (
			);
			runOnlyForDeploymentPostprocessing = 0;
		};
		8A59AB832C4962B3009E6BC6 /* Resources */ = {
			isa = PBXResourcesBuildPhase;
			buildActionMask = 2147483647;
			files = (
			);
			runOnlyForDeploymentPostprocessing = 0;
		};
		8A59AB9A2C4963A4009E6BC6 /* Resources */ = {
			isa = PBXResourcesBuildPhase;
			buildActionMask = 2147483647;
			files = (
				8A53C3A02C4D51B800E65D20 /* SharedAssets.xcassets in Resources */,
				8A59ABA62C4963A6009E6BC6 /* Preview Assets.xcassets in Resources */,
				8A20A9562C4C76E200C8082C /* Assets.xcassets in Resources */,
			);
			runOnlyForDeploymentPostprocessing = 0;
		};
		8A59ABA92C4963A6009E6BC6 /* Resources */ = {
			isa = PBXResourcesBuildPhase;
			buildActionMask = 2147483647;
			files = (
			);
			runOnlyForDeploymentPostprocessing = 0;
		};
		8A59ABB32C4963A6009E6BC6 /* Resources */ = {
			isa = PBXResourcesBuildPhase;
			buildActionMask = 2147483647;
			files = (
			);
			runOnlyForDeploymentPostprocessing = 0;
		};
/* End PBXResourcesBuildPhase section */

/* Begin PBXSourcesBuildPhase section */
		8A59AB612C4962B2009E6BC6 /* Sources */ = {
			isa = PBXSourcesBuildPhase;
			buildActionMask = 2147483647;
			files = (
				8AB96F142C4A4DEE00693B3B /* SnappingCollectionViewLayout.swift in Sources */,
				8AAEE7582C4CF34800A1D2D1 /* MessageCoder.swift in Sources */,
				8A59ABD52C4995C2009E6BC6 /* Coordinator.swift in Sources */,
				8A59ABE02C4A3BF4009E6BC6 /* AvatarUICollectionViewCell.swift in Sources */,
				8AB96F252C4ABD3300693B3B /* AvatarCollectionViewModel.swift in Sources */,
				8A59ABDE2C4A3AE8009E6BC6 /* UIViewPreview.swift in Sources */,
				8A20A95E2C4CEBBA00C8082C /* CharacterModel.swift in Sources */,
				8A20A95C2C4CEB6300C8082C /* AvatarModel.swift in Sources */,
				8A59ABDC2C4A3A7F009E6BC6 /* AvatarUICollectionView.swift in Sources */,
				8A59ABD92C4995D7009E6BC6 /* UIViewControllerPreview.swift in Sources */,
				8A59AB6D2C4962B2009E6BC6 /* MainViewController.swift in Sources */,
				8AB96F282C4BB61400693B3B /* WatchConnectivityService.swift in Sources */,
				8A59AB692C4962B2009E6BC6 /* AppDelegate.swift in Sources */,
				8A59ABD62C4995C2009E6BC6 /* MainCoordinator.swift in Sources */,
				8A59AB6B2C4962B2009E6BC6 /* SceneDelegate.swift in Sources */,
				8AAEE75B2C4D055700A1D2D1 /* MainViewModel.swift in Sources */,
			);
			runOnlyForDeploymentPostprocessing = 0;
		};
		8A59AB772C4962B3009E6BC6 /* Sources */ = {
			isa = PBXSourcesBuildPhase;
			buildActionMask = 2147483647;
			files = (
				8A59AB802C4962B3009E6BC6 /* RoohAvatarAppTests.swift in Sources */,
			);
			runOnlyForDeploymentPostprocessing = 0;
		};
		8A59AB812C4962B3009E6BC6 /* Sources */ = {
			isa = PBXSourcesBuildPhase;
			buildActionMask = 2147483647;
			files = (
				8A59AB8A2C4962B3009E6BC6 /* RoohAvatarAppUITests.swift in Sources */,
				8A59AB8C2C4962B3009E6BC6 /* RoohAvatarAppUITestsLaunchTests.swift in Sources */,
			);
			runOnlyForDeploymentPostprocessing = 0;
		};
		8A59AB982C4963A4009E6BC6 /* Sources */ = {
			isa = PBXSourcesBuildPhase;
			buildActionMask = 2147483647;
			files = (
				8A6A7E632C4C6B8600A087E2 /* WatchConnectivityService.swift in Sources */,
				8AAEE7592C4CFFC000A1D2D1 /* MessageCoder.swift in Sources */,
				8AB96F1E2C4AB75200693B3B /* MainViewModel.swift in Sources */,
				8AB96F192C4AB71400693B3B /* HorizontalPickerView.swift in Sources */,
				8AB96F212C4AB79D00693B3B /* AvatarModel.swift in Sources */,
				8AB96F1B2C4AB72E00693B3B /* MainView.swift in Sources */,
				8A20A95F2C4CEBBA00C8082C /* CharacterModel.swift in Sources */,
				8A59ABA12C4963A4009E6BC6 /* ContentView.swift in Sources */,
				8A59AB9F2C4963A4009E6BC6 /* RoohAvatarWatchOSAppApp.swift in Sources */,
			);
			runOnlyForDeploymentPostprocessing = 0;
		};
		8A59ABA72C4963A6009E6BC6 /* Sources */ = {
			isa = PBXSourcesBuildPhase;
			buildActionMask = 2147483647;
			files = (
				8A59ABB02C4963A6009E6BC6 /* RoohAvatarWatchOSApp_Watch_AppTests.swift in Sources */,
			);
			runOnlyForDeploymentPostprocessing = 0;
		};
		8A59ABB12C4963A6009E6BC6 /* Sources */ = {
			isa = PBXSourcesBuildPhase;
			buildActionMask = 2147483647;
			files = (
				8A59ABBA2C4963A6009E6BC6 /* RoohAvatarWatchOSApp_Watch_AppUITests.swift in Sources */,
				8A59ABBC2C4963A6009E6BC6 /* RoohAvatarWatchOSApp_Watch_AppUITestsLaunchTests.swift in Sources */,
			);
			runOnlyForDeploymentPostprocessing = 0;
		};
/* End PBXSourcesBuildPhase section */

/* Begin PBXTargetDependency section */
		8A59AB7D2C4962B3009E6BC6 /* PBXTargetDependency */ = {
			isa = PBXTargetDependency;
			target = 8A59AB642C4962B2009E6BC6 /* RoohAvatarApp */;
			targetProxy = 8A59AB7C2C4962B3009E6BC6 /* PBXContainerItemProxy */;
		};
		8A59AB872C4962B3009E6BC6 /* PBXTargetDependency */ = {
			isa = PBXTargetDependency;
			target = 8A59AB642C4962B2009E6BC6 /* RoohAvatarApp */;
			targetProxy = 8A59AB862C4962B3009E6BC6 /* PBXContainerItemProxy */;
		};
		8A59ABAD2C4963A6009E6BC6 /* PBXTargetDependency */ = {
			isa = PBXTargetDependency;
			target = 8A59AB9B2C4963A4009E6BC6 /* RoohAvatarWatchOSApp Watch App */;
			targetProxy = 8A59ABAC2C4963A6009E6BC6 /* PBXContainerItemProxy */;
		};
		8A59ABB72C4963A6009E6BC6 /* PBXTargetDependency */ = {
			isa = PBXTargetDependency;
			target = 8A59AB9B2C4963A4009E6BC6 /* RoohAvatarWatchOSApp Watch App */;
			targetProxy = 8A59ABB62C4963A6009E6BC6 /* PBXContainerItemProxy */;
		};
		8A59ABBE2C4963A6009E6BC6 /* PBXTargetDependency */ = {
			isa = PBXTargetDependency;
			target = 8A59AB9B2C4963A4009E6BC6 /* RoohAvatarWatchOSApp Watch App */;
			targetProxy = 8A59ABBD2C4963A6009E6BC6 /* PBXContainerItemProxy */;
		};
/* End PBXTargetDependency section */

/* Begin PBXVariantGroup section */
		8A59AB732C4962B3009E6BC6 /* LaunchScreen.storyboard */ = {
			isa = PBXVariantGroup;
			children = (
				8A59AB742C4962B3009E6BC6 /* Base */,
			);
			name = LaunchScreen.storyboard;
			sourceTree = "<group>";
		};
/* End PBXVariantGroup section */

/* Begin XCBuildConfiguration section */
		8A59AB8D2C4962B3009E6BC6 /* Debug */ = {
			isa = XCBuildConfiguration;
			buildSettings = {
				ALWAYS_SEARCH_USER_PATHS = NO;
				ASSETCATALOG_COMPILER_GENERATE_SWIFT_ASSET_SYMBOL_EXTENSIONS = YES;
				CLANG_ANALYZER_NONNULL = YES;
				CLANG_ANALYZER_NUMBER_OBJECT_CONVERSION = YES_AGGRESSIVE;
				CLANG_CXX_LANGUAGE_STANDARD = "gnu++20";
				CLANG_ENABLE_MODULES = YES;
				CLANG_ENABLE_OBJC_ARC = YES;
				CLANG_ENABLE_OBJC_WEAK = YES;
				CLANG_WARN_BLOCK_CAPTURE_AUTORELEASING = YES;
				CLANG_WARN_BOOL_CONVERSION = YES;
				CLANG_WARN_COMMA = YES;
				CLANG_WARN_CONSTANT_CONVERSION = YES;
				CLANG_WARN_DEPRECATED_OBJC_IMPLEMENTATIONS = YES;
				CLANG_WARN_DIRECT_OBJC_ISA_USAGE = YES_ERROR;
				CLANG_WARN_DOCUMENTATION_COMMENTS = YES;
				CLANG_WARN_EMPTY_BODY = YES;
				CLANG_WARN_ENUM_CONVERSION = YES;
				CLANG_WARN_INFINITE_RECURSION = YES;
				CLANG_WARN_INT_CONVERSION = YES;
				CLANG_WARN_NON_LITERAL_NULL_CONVERSION = YES;
				CLANG_WARN_OBJC_IMPLICIT_RETAIN_SELF = YES;
				CLANG_WARN_OBJC_LITERAL_CONVERSION = YES;
				CLANG_WARN_OBJC_ROOT_CLASS = YES_ERROR;
				CLANG_WARN_QUOTED_INCLUDE_IN_FRAMEWORK_HEADER = YES;
				CLANG_WARN_RANGE_LOOP_ANALYSIS = YES;
				CLANG_WARN_STRICT_PROTOTYPES = YES;
				CLANG_WARN_SUSPICIOUS_MOVE = YES;
				CLANG_WARN_UNGUARDED_AVAILABILITY = YES_AGGRESSIVE;
				CLANG_WARN_UNREACHABLE_CODE = YES;
				CLANG_WARN__DUPLICATE_METHOD_MATCH = YES;
				COPY_PHASE_STRIP = NO;
				DEBUG_INFORMATION_FORMAT = dwarf;
				ENABLE_STRICT_OBJC_MSGSEND = YES;
				ENABLE_TESTABILITY = YES;
				ENABLE_USER_SCRIPT_SANDBOXING = YES;
				GCC_C_LANGUAGE_STANDARD = gnu17;
				GCC_DYNAMIC_NO_PIC = NO;
				GCC_NO_COMMON_BLOCKS = YES;
				GCC_OPTIMIZATION_LEVEL = 0;
				GCC_PREPROCESSOR_DEFINITIONS = (
					"DEBUG=1",
					"$(inherited)",
				);
				GCC_WARN_64_TO_32_BIT_CONVERSION = YES;
				GCC_WARN_ABOUT_RETURN_TYPE = YES_ERROR;
				GCC_WARN_UNDECLARED_SELECTOR = YES;
				GCC_WARN_UNINITIALIZED_AUTOS = YES_AGGRESSIVE;
				GCC_WARN_UNUSED_FUNCTION = YES;
				GCC_WARN_UNUSED_VARIABLE = YES;
				IPHONEOS_DEPLOYMENT_TARGET = 16.0;
				LOCALIZATION_PREFERS_STRING_CATALOGS = YES;
				MTL_ENABLE_DEBUG_INFO = INCLUDE_SOURCE;
				MTL_FAST_MATH = YES;
				ONLY_ACTIVE_ARCH = YES;
				SDKROOT = iphoneos;
				SWIFT_ACTIVE_COMPILATION_CONDITIONS = "DEBUG $(inherited)";
				SWIFT_OPTIMIZATION_LEVEL = "-Onone";
				WATCHOS_DEPLOYMENT_TARGET = 9.0;
			};
			name = Debug;
		};
		8A59AB8E2C4962B3009E6BC6 /* Release */ = {
			isa = XCBuildConfiguration;
			buildSettings = {
				ALWAYS_SEARCH_USER_PATHS = NO;
				ASSETCATALOG_COMPILER_GENERATE_SWIFT_ASSET_SYMBOL_EXTENSIONS = YES;
				CLANG_ANALYZER_NONNULL = YES;
				CLANG_ANALYZER_NUMBER_OBJECT_CONVERSION = YES_AGGRESSIVE;
				CLANG_CXX_LANGUAGE_STANDARD = "gnu++20";
				CLANG_ENABLE_MODULES = YES;
				CLANG_ENABLE_OBJC_ARC = YES;
				CLANG_ENABLE_OBJC_WEAK = YES;
				CLANG_WARN_BLOCK_CAPTURE_AUTORELEASING = YES;
				CLANG_WARN_BOOL_CONVERSION = YES;
				CLANG_WARN_COMMA = YES;
				CLANG_WARN_CONSTANT_CONVERSION = YES;
				CLANG_WARN_DEPRECATED_OBJC_IMPLEMENTATIONS = YES;
				CLANG_WARN_DIRECT_OBJC_ISA_USAGE = YES_ERROR;
				CLANG_WARN_DOCUMENTATION_COMMENTS = YES;
				CLANG_WARN_EMPTY_BODY = YES;
				CLANG_WARN_ENUM_CONVERSION = YES;
				CLANG_WARN_INFINITE_RECURSION = YES;
				CLANG_WARN_INT_CONVERSION = YES;
				CLANG_WARN_NON_LITERAL_NULL_CONVERSION = YES;
				CLANG_WARN_OBJC_IMPLICIT_RETAIN_SELF = YES;
				CLANG_WARN_OBJC_LITERAL_CONVERSION = YES;
				CLANG_WARN_OBJC_ROOT_CLASS = YES_ERROR;
				CLANG_WARN_QUOTED_INCLUDE_IN_FRAMEWORK_HEADER = YES;
				CLANG_WARN_RANGE_LOOP_ANALYSIS = YES;
				CLANG_WARN_STRICT_PROTOTYPES = YES;
				CLANG_WARN_SUSPICIOUS_MOVE = YES;
				CLANG_WARN_UNGUARDED_AVAILABILITY = YES_AGGRESSIVE;
				CLANG_WARN_UNREACHABLE_CODE = YES;
				CLANG_WARN__DUPLICATE_METHOD_MATCH = YES;
				COPY_PHASE_STRIP = NO;
				DEBUG_INFORMATION_FORMAT = "dwarf-with-dsym";
				ENABLE_NS_ASSERTIONS = NO;
				ENABLE_STRICT_OBJC_MSGSEND = YES;
				ENABLE_USER_SCRIPT_SANDBOXING = YES;
				GCC_C_LANGUAGE_STANDARD = gnu17;
				GCC_NO_COMMON_BLOCKS = YES;
				GCC_WARN_64_TO_32_BIT_CONVERSION = YES;
				GCC_WARN_ABOUT_RETURN_TYPE = YES_ERROR;
				GCC_WARN_UNDECLARED_SELECTOR = YES;
				GCC_WARN_UNINITIALIZED_AUTOS = YES_AGGRESSIVE;
				GCC_WARN_UNUSED_FUNCTION = YES;
				GCC_WARN_UNUSED_VARIABLE = YES;
				IPHONEOS_DEPLOYMENT_TARGET = 16.0;
				LOCALIZATION_PREFERS_STRING_CATALOGS = YES;
				MTL_ENABLE_DEBUG_INFO = NO;
				MTL_FAST_MATH = YES;
				SDKROOT = iphoneos;
				SWIFT_COMPILATION_MODE = wholemodule;
				VALIDATE_PRODUCT = YES;
				WATCHOS_DEPLOYMENT_TARGET = 9.0;
			};
			name = Release;
		};
		8A59AB902C4962B3009E6BC6 /* Debug */ = {
			isa = XCBuildConfiguration;
			buildSettings = {
				ALWAYS_EMBED_SWIFT_STANDARD_LIBRARIES = YES;
				ASSETCATALOG_COMPILER_APPICON_NAME = AppIcon;
				ASSETCATALOG_COMPILER_GLOBAL_ACCENT_COLOR_NAME = AccentColor;
				CODE_SIGN_STYLE = Automatic;
				CURRENT_PROJECT_VERSION = 1;
				DEVELOPMENT_TEAM = Z2Z2B942EK;
				GENERATE_INFOPLIST_FILE = YES;
				INFOPLIST_FILE = RoohAvatarApp/Info.plist;
				INFOPLIST_KEY_UIApplicationSupportsIndirectInputEvents = YES;
				INFOPLIST_KEY_UILaunchStoryboardName = LaunchScreen;
				INFOPLIST_KEY_UISupportedInterfaceOrientations_iPad = "UIInterfaceOrientationPortrait UIInterfaceOrientationPortraitUpsideDown UIInterfaceOrientationLandscapeLeft UIInterfaceOrientationLandscapeRight";
				INFOPLIST_KEY_UISupportedInterfaceOrientations_iPhone = "UIInterfaceOrientationPortrait UIInterfaceOrientationLandscapeLeft UIInterfaceOrientationLandscapeRight";
				IPHONEOS_DEPLOYMENT_TARGET = 16.0;
				LD_RUNPATH_SEARCH_PATHS = (
					"$(inherited)",
					"@executable_path/Frameworks",
				);
				MARKETING_VERSION = 1.0;
				PRODUCT_BUNDLE_IDENTIFIER = com.AlexeyLisov.RoohAvatarApp;
				PRODUCT_NAME = "$(TARGET_NAME)";
				SWIFT_EMIT_LOC_STRINGS = YES;
				SWIFT_VERSION = 5.0;
				TARGETED_DEVICE_FAMILY = "1,2";
			};
			name = Debug;
		};
		8A59AB912C4962B3009E6BC6 /* Release */ = {
			isa = XCBuildConfiguration;
			buildSettings = {
				ALWAYS_EMBED_SWIFT_STANDARD_LIBRARIES = YES;
				ASSETCATALOG_COMPILER_APPICON_NAME = AppIcon;
				ASSETCATALOG_COMPILER_GLOBAL_ACCENT_COLOR_NAME = AccentColor;
				CODE_SIGN_STYLE = Automatic;
				CURRENT_PROJECT_VERSION = 1;
				DEVELOPMENT_TEAM = Z2Z2B942EK;
				GENERATE_INFOPLIST_FILE = YES;
				INFOPLIST_FILE = RoohAvatarApp/Info.plist;
				INFOPLIST_KEY_UIApplicationSupportsIndirectInputEvents = YES;
				INFOPLIST_KEY_UILaunchStoryboardName = LaunchScreen;
				INFOPLIST_KEY_UISupportedInterfaceOrientations_iPad = "UIInterfaceOrientationPortrait UIInterfaceOrientationPortraitUpsideDown UIInterfaceOrientationLandscapeLeft UIInterfaceOrientationLandscapeRight";
				INFOPLIST_KEY_UISupportedInterfaceOrientations_iPhone = "UIInterfaceOrientationPortrait UIInterfaceOrientationLandscapeLeft UIInterfaceOrientationLandscapeRight";
				IPHONEOS_DEPLOYMENT_TARGET = 16.0;
				LD_RUNPATH_SEARCH_PATHS = (
					"$(inherited)",
					"@executable_path/Frameworks",
				);
				MARKETING_VERSION = 1.0;
				PRODUCT_BUNDLE_IDENTIFIER = com.AlexeyLisov.RoohAvatarApp;
				PRODUCT_NAME = "$(TARGET_NAME)";
				SWIFT_EMIT_LOC_STRINGS = YES;
				SWIFT_VERSION = 5.0;
				TARGETED_DEVICE_FAMILY = "1,2";
			};
			name = Release;
		};
		8A59AB932C4962B3009E6BC6 /* Debug */ = {
			isa = XCBuildConfiguration;
			buildSettings = {
				ALWAYS_EMBED_SWIFT_STANDARD_LIBRARIES = YES;
				BUNDLE_LOADER = "$(TEST_HOST)";
				CODE_SIGN_STYLE = Automatic;
				CURRENT_PROJECT_VERSION = 1;
				DEVELOPMENT_TEAM = Z2Z2B942EK;
				GENERATE_INFOPLIST_FILE = YES;
				IPHONEOS_DEPLOYMENT_TARGET = 17.4;
				MARKETING_VERSION = 1.0;
				PRODUCT_BUNDLE_IDENTIFIER = com.AlexeyLisov.RoohAvatarAppTests;
				PRODUCT_NAME = "$(TARGET_NAME)";
				SWIFT_EMIT_LOC_STRINGS = NO;
				SWIFT_VERSION = 5.0;
				TARGETED_DEVICE_FAMILY = "1,2";
				TEST_HOST = "$(BUILT_PRODUCTS_DIR)/RoohAvatarApp.app/$(BUNDLE_EXECUTABLE_FOLDER_PATH)/RoohAvatarApp";
			};
			name = Debug;
		};
		8A59AB942C4962B3009E6BC6 /* Release */ = {
			isa = XCBuildConfiguration;
			buildSettings = {
				ALWAYS_EMBED_SWIFT_STANDARD_LIBRARIES = YES;
				BUNDLE_LOADER = "$(TEST_HOST)";
				CODE_SIGN_STYLE = Automatic;
				CURRENT_PROJECT_VERSION = 1;
				DEVELOPMENT_TEAM = Z2Z2B942EK;
				GENERATE_INFOPLIST_FILE = YES;
				IPHONEOS_DEPLOYMENT_TARGET = 17.4;
				MARKETING_VERSION = 1.0;
				PRODUCT_BUNDLE_IDENTIFIER = com.AlexeyLisov.RoohAvatarAppTests;
				PRODUCT_NAME = "$(TARGET_NAME)";
				SWIFT_EMIT_LOC_STRINGS = NO;
				SWIFT_VERSION = 5.0;
				TARGETED_DEVICE_FAMILY = "1,2";
				TEST_HOST = "$(BUILT_PRODUCTS_DIR)/RoohAvatarApp.app/$(BUNDLE_EXECUTABLE_FOLDER_PATH)/RoohAvatarApp";
			};
			name = Release;
		};
		8A59AB962C4962B3009E6BC6 /* Debug */ = {
			isa = XCBuildConfiguration;
			buildSettings = {
				ALWAYS_EMBED_SWIFT_STANDARD_LIBRARIES = YES;
				CODE_SIGN_STYLE = Automatic;
				CURRENT_PROJECT_VERSION = 1;
				DEVELOPMENT_TEAM = Z2Z2B942EK;
				GENERATE_INFOPLIST_FILE = YES;
				MARKETING_VERSION = 1.0;
				PRODUCT_BUNDLE_IDENTIFIER = com.AlexeyLisov.RoohAvatarAppUITests;
				PRODUCT_NAME = "$(TARGET_NAME)";
				SWIFT_EMIT_LOC_STRINGS = NO;
				SWIFT_VERSION = 5.0;
				TARGETED_DEVICE_FAMILY = "1,2";
				TEST_TARGET_NAME = RoohAvatarApp;
			};
			name = Debug;
		};
		8A59AB972C4962B3009E6BC6 /* Release */ = {
			isa = XCBuildConfiguration;
			buildSettings = {
				ALWAYS_EMBED_SWIFT_STANDARD_LIBRARIES = YES;
				CODE_SIGN_STYLE = Automatic;
				CURRENT_PROJECT_VERSION = 1;
				DEVELOPMENT_TEAM = Z2Z2B942EK;
				GENERATE_INFOPLIST_FILE = YES;
				MARKETING_VERSION = 1.0;
				PRODUCT_BUNDLE_IDENTIFIER = com.AlexeyLisov.RoohAvatarAppUITests;
				PRODUCT_NAME = "$(TARGET_NAME)";
				SWIFT_EMIT_LOC_STRINGS = NO;
				SWIFT_VERSION = 5.0;
				TARGETED_DEVICE_FAMILY = "1,2";
				TEST_TARGET_NAME = RoohAvatarApp;
			};
			name = Release;
		};
		8A59ABC12C4963A6009E6BC6 /* Debug */ = {
			isa = XCBuildConfiguration;
			buildSettings = {
				ASSETCATALOG_COMPILER_APPICON_NAME = AppIcon;
				ASSETCATALOG_COMPILER_GLOBAL_ACCENT_COLOR_NAME = AccentColor;
				CODE_SIGN_STYLE = Automatic;
				CURRENT_PROJECT_VERSION = 1;
				DEVELOPMENT_ASSET_PATHS = "\"RoohAvatarWatchOSApp Watch App/Preview Content\"";
				DEVELOPMENT_TEAM = Z2Z2B942EK;
				ENABLE_PREVIEWS = YES;
				GENERATE_INFOPLIST_FILE = YES;
				INFOPLIST_KEY_CFBundleDisplayName = RoohAvatarWatchOSApp;
				INFOPLIST_KEY_UISupportedInterfaceOrientations = "UIInterfaceOrientationPortrait UIInterfaceOrientationPortraitUpsideDown";
				INFOPLIST_KEY_WKCompanionAppBundleIdentifier = com.AlexeyLisov.RoohAvatarApp;
				LD_RUNPATH_SEARCH_PATHS = (
					"$(inherited)",
					"@executable_path/Frameworks",
				);
				MARKETING_VERSION = 1.0;
				PRODUCT_BUNDLE_IDENTIFIER = com.AlexeyLisov.RoohAvatarApp.watchkitapp;
				PRODUCT_NAME = "$(TARGET_NAME)";
				SDKROOT = watchos;
				SKIP_INSTALL = YES;
				SWIFT_EMIT_LOC_STRINGS = YES;
				SWIFT_VERSION = 5.0;
				TARGETED_DEVICE_FAMILY = 4;
				WATCHOS_DEPLOYMENT_TARGET = 10.0;
			};
			name = Debug;
		};
		8A59ABC22C4963A6009E6BC6 /* Release */ = {
			isa = XCBuildConfiguration;
			buildSettings = {
				ASSETCATALOG_COMPILER_APPICON_NAME = AppIcon;
				ASSETCATALOG_COMPILER_GLOBAL_ACCENT_COLOR_NAME = AccentColor;
				CODE_SIGN_STYLE = Automatic;
				CURRENT_PROJECT_VERSION = 1;
				DEVELOPMENT_ASSET_PATHS = "\"RoohAvatarWatchOSApp Watch App/Preview Content\"";
				DEVELOPMENT_TEAM = Z2Z2B942EK;
				ENABLE_PREVIEWS = YES;
				GENERATE_INFOPLIST_FILE = YES;
				INFOPLIST_KEY_CFBundleDisplayName = RoohAvatarWatchOSApp;
				INFOPLIST_KEY_UISupportedInterfaceOrientations = "UIInterfaceOrientationPortrait UIInterfaceOrientationPortraitUpsideDown";
				INFOPLIST_KEY_WKCompanionAppBundleIdentifier = com.AlexeyLisov.RoohAvatarApp;
				LD_RUNPATH_SEARCH_PATHS = (
					"$(inherited)",
					"@executable_path/Frameworks",
				);
				MARKETING_VERSION = 1.0;
				PRODUCT_BUNDLE_IDENTIFIER = com.AlexeyLisov.RoohAvatarApp.watchkitapp;
				PRODUCT_NAME = "$(TARGET_NAME)";
				SDKROOT = watchos;
				SKIP_INSTALL = YES;
				SWIFT_EMIT_LOC_STRINGS = YES;
				SWIFT_VERSION = 5.0;
				TARGETED_DEVICE_FAMILY = 4;
				WATCHOS_DEPLOYMENT_TARGET = 10.0;
			};
			name = Release;
		};
		8A59ABC52C4963A6009E6BC6 /* Debug */ = {
			isa = XCBuildConfiguration;
			buildSettings = {
				ALWAYS_EMBED_SWIFT_STANDARD_LIBRARIES = YES;
				BUNDLE_LOADER = "$(TEST_HOST)";
				CODE_SIGN_STYLE = Automatic;
				CURRENT_PROJECT_VERSION = 1;
				DEVELOPMENT_TEAM = Z2Z2B942EK;
				GENERATE_INFOPLIST_FILE = YES;
				MARKETING_VERSION = 1.0;
				PRODUCT_BUNDLE_IDENTIFIER = "com.AlexeyLisov.RoohAvatarWatchOSApp-Watch-AppTests";
				PRODUCT_NAME = "$(TARGET_NAME)";
				SDKROOT = watchos;
				SWIFT_EMIT_LOC_STRINGS = NO;
				SWIFT_VERSION = 5.0;
				TARGETED_DEVICE_FAMILY = 4;
				TEST_HOST = "$(BUILT_PRODUCTS_DIR)/RoohAvatarWatchOSApp Watch App.app/$(BUNDLE_EXECUTABLE_FOLDER_PATH)/RoohAvatarWatchOSApp Watch App";
				WATCHOS_DEPLOYMENT_TARGET = 10.4;
			};
			name = Debug;
		};
		8A59ABC62C4963A6009E6BC6 /* Release */ = {
			isa = XCBuildConfiguration;
			buildSettings = {
				ALWAYS_EMBED_SWIFT_STANDARD_LIBRARIES = YES;
				BUNDLE_LOADER = "$(TEST_HOST)";
				CODE_SIGN_STYLE = Automatic;
				CURRENT_PROJECT_VERSION = 1;
				DEVELOPMENT_TEAM = Z2Z2B942EK;
				GENERATE_INFOPLIST_FILE = YES;
				MARKETING_VERSION = 1.0;
				PRODUCT_BUNDLE_IDENTIFIER = "com.AlexeyLisov.RoohAvatarWatchOSApp-Watch-AppTests";
				PRODUCT_NAME = "$(TARGET_NAME)";
				SDKROOT = watchos;
				SWIFT_EMIT_LOC_STRINGS = NO;
				SWIFT_VERSION = 5.0;
				TARGETED_DEVICE_FAMILY = 4;
				TEST_HOST = "$(BUILT_PRODUCTS_DIR)/RoohAvatarWatchOSApp Watch App.app/$(BUNDLE_EXECUTABLE_FOLDER_PATH)/RoohAvatarWatchOSApp Watch App";
				WATCHOS_DEPLOYMENT_TARGET = 10.4;
			};
			name = Release;
		};
		8A59ABC82C4963A6009E6BC6 /* Debug */ = {
			isa = XCBuildConfiguration;
			buildSettings = {
				ALWAYS_EMBED_SWIFT_STANDARD_LIBRARIES = YES;
				CODE_SIGN_STYLE = Automatic;
				CURRENT_PROJECT_VERSION = 1;
				DEVELOPMENT_TEAM = Z2Z2B942EK;
				GENERATE_INFOPLIST_FILE = YES;
				MARKETING_VERSION = 1.0;
				PRODUCT_BUNDLE_IDENTIFIER = "com.AlexeyLisov.RoohAvatarWatchOSApp-Watch-AppUITests";
				PRODUCT_NAME = "$(TARGET_NAME)";
				SDKROOT = watchos;
				SWIFT_EMIT_LOC_STRINGS = NO;
				SWIFT_VERSION = 5.0;
				TARGETED_DEVICE_FAMILY = 4;
				TEST_TARGET_NAME = "RoohAvatarWatchOSApp Watch App";
				WATCHOS_DEPLOYMENT_TARGET = 10.4;
			};
			name = Debug;
		};
		8A59ABC92C4963A6009E6BC6 /* Release */ = {
			isa = XCBuildConfiguration;
			buildSettings = {
				ALWAYS_EMBED_SWIFT_STANDARD_LIBRARIES = YES;
				CODE_SIGN_STYLE = Automatic;
				CURRENT_PROJECT_VERSION = 1;
				DEVELOPMENT_TEAM = Z2Z2B942EK;
				GENERATE_INFOPLIST_FILE = YES;
				MARKETING_VERSION = 1.0;
				PRODUCT_BUNDLE_IDENTIFIER = "com.AlexeyLisov.RoohAvatarWatchOSApp-Watch-AppUITests";
				PRODUCT_NAME = "$(TARGET_NAME)";
				SDKROOT = watchos;
				SWIFT_EMIT_LOC_STRINGS = NO;
				SWIFT_VERSION = 5.0;
				TARGETED_DEVICE_FAMILY = 4;
				TEST_TARGET_NAME = "RoohAvatarWatchOSApp Watch App";
				WATCHOS_DEPLOYMENT_TARGET = 10.4;
			};
			name = Release;
		};
/* End XCBuildConfiguration section */

/* Begin XCConfigurationList section */
		8A59AB602C4962B2009E6BC6 /* Build configuration list for PBXProject "RoohAvatarApp" */ = {
			isa = XCConfigurationList;
			buildConfigurations = (
				8A59AB8D2C4962B3009E6BC6 /* Debug */,
				8A59AB8E2C4962B3009E6BC6 /* Release */,
			);
			defaultConfigurationIsVisible = 0;
			defaultConfigurationName = Release;
		};
		8A59AB8F2C4962B3009E6BC6 /* Build configuration list for PBXNativeTarget "RoohAvatarApp" */ = {
			isa = XCConfigurationList;
			buildConfigurations = (
				8A59AB902C4962B3009E6BC6 /* Debug */,
				8A59AB912C4962B3009E6BC6 /* Release */,
			);
			defaultConfigurationIsVisible = 0;
			defaultConfigurationName = Release;
		};
		8A59AB922C4962B3009E6BC6 /* Build configuration list for PBXNativeTarget "RoohAvatarAppTests" */ = {
			isa = XCConfigurationList;
			buildConfigurations = (
				8A59AB932C4962B3009E6BC6 /* Debug */,
				8A59AB942C4962B3009E6BC6 /* Release */,
			);
			defaultConfigurationIsVisible = 0;
			defaultConfigurationName = Release;
		};
		8A59AB952C4962B3009E6BC6 /* Build configuration list for PBXNativeTarget "RoohAvatarAppUITests" */ = {
			isa = XCConfigurationList;
			buildConfigurations = (
				8A59AB962C4962B3009E6BC6 /* Debug */,
				8A59AB972C4962B3009E6BC6 /* Release */,
			);
			defaultConfigurationIsVisible = 0;
			defaultConfigurationName = Release;
		};
		8A59ABC02C4963A6009E6BC6 /* Build configuration list for PBXNativeTarget "RoohAvatarWatchOSApp Watch App" */ = {
			isa = XCConfigurationList;
			buildConfigurations = (
				8A59ABC12C4963A6009E6BC6 /* Debug */,
				8A59ABC22C4963A6009E6BC6 /* Release */,
			);
			defaultConfigurationIsVisible = 0;
			defaultConfigurationName = Release;
		};
		8A59ABC42C4963A6009E6BC6 /* Build configuration list for PBXNativeTarget "RoohAvatarWatchOSApp Watch AppTests" */ = {
			isa = XCConfigurationList;
			buildConfigurations = (
				8A59ABC52C4963A6009E6BC6 /* Debug */,
				8A59ABC62C4963A6009E6BC6 /* Release */,
			);
			defaultConfigurationIsVisible = 0;
			defaultConfigurationName = Release;
		};
		8A59ABC72C4963A6009E6BC6 /* Build configuration list for PBXNativeTarget "RoohAvatarWatchOSApp Watch AppUITests" */ = {
			isa = XCConfigurationList;
			buildConfigurations = (
				8A59ABC82C4963A6009E6BC6 /* Debug */,
				8A59ABC92C4963A6009E6BC6 /* Release */,
			);
			defaultConfigurationIsVisible = 0;
			defaultConfigurationName = Release;
		};
/* End XCConfigurationList section */
	};
	rootObject = 8A59AB5D2C4962B2009E6BC6 /* Project object */;
}
